
Microsoft Visual Studio Solution File, Format Version 12.00
# Visual Studio Version 16
VisualStudioVersion = 16.0.30907.101
MinimumVisualStudioVersion = 10.0.40219.1
Project("{9A19103F-16F7-4668-BE54-9A1E7A4F7556}") = "MinecraftConnection", "MinecraftConnection.csproj", "{F038B755-AE8E-4026-8D20-4334CEC0A184}"
EndProject
Project("{FAE04EC0-301F-11D3-BF4B-00C04F79EFBC}") = "TestApp", "TestApp\TestApp.csproj", "{E6E22A2F-D070-49FE-AA7A-C159D0CE61C5}"
EndProject
Global
	GlobalSection(SolutionConfigurationPlatforms) = preSolution
		Debug|Any CPU = Debug|Any CPU
		Release|Any CPU = Release|Any CPU
	EndGlobalSection
	GlobalSection(ProjectConfigurationPlatforms) = postSolution
		{F038B755-AE8E-4026-8D20-4334CEC0A184}.Debug|Any CPU.ActiveCfg = Debug|Any CPU
		{F038B755-AE8E-4026-8D20-4334CEC0A184}.Debug|Any CPU.Build.0 = Debug|Any CPU
		{F038B755-AE8E-4026-8D20-4334CEC0A184}.Release|Any CPU.ActiveCfg = Release|Any CPU
		{F038B755-AE8E-4026-8D20-4334CEC0A184}.Release|Any CPU.Build.0 = Release|Any CPU
		{E6E22A2F-D070-49FE-AA7A-C159D0CE61C5}.Debug|Any CPU.ActiveCfg = Debug|Any CPU
		{E6E22A2F-D070-49FE-AA7A-C159D0CE61C5}.Debug|Any CPU.Build.0 = Debug|Any CPU
		{E6E22A2F-D070-49FE-AA7A-C159D0CE61C5}.Release|Any CPU.ActiveCfg = Release|Any CPU
		{E6E22A2F-D070-49FE-AA7A-C159D0CE61C5}.Release|Any CPU.Build.0 = Release|Any CPU
	EndGlobalSection
	GlobalSection(SolutionProperties) = preSolution
		HideSolutionNode = FALSE
	EndGlobalSection
	GlobalSection(ExtensibilityGlobals) = postSolution
		SolutionGuid = {34B7030A-1E45-4C64-B5C8-B81CAFF480D9}
	EndGlobalSection
EndGlobal
