
Microsoft Visual Studio Solution File, Format Version 12.00
# Visual Studio Version 17
VisualStudioVersion = 17.1.32210.238
MinimumVisualStudioVersion = 10.0.40219.1
Project("{9A19103F-16F7-4668-BE54-9A1E7A4F7556}") = "MinecraftConnection", "MinecraftConnection\MinecraftConnection.csproj", "{B19912A9-A832-4941-BA28-3DA26A810EAD}"
EndProject
Project("{FAE04EC0-301F-11D3-BF4B-00C04F79EFBC}") = "LibTest", "LibTest\LibTest.csproj", "{3FDCE900-692A-41EF-A0E6-F223557A04AB}"
EndProject
Global
	GlobalSection(SolutionConfigurationPlatforms) = preSolution
		Debug|Any CPU = Debug|Any CPU
		Release|Any CPU = Release|Any CPU
	EndGlobalSection
	GlobalSection(ProjectConfigurationPlatforms) = postSolution
		{B19912A9-A832-4941-BA28-3DA26A810EAD}.Debug|Any CPU.ActiveCfg = Debug|Any CPU
		{B19912A9-A832-4941-BA28-3DA26A810EAD}.Debug|Any CPU.Build.0 = Debug|Any CPU
		{B19912A9-A832-4941-BA28-3DA26A810EAD}.Release|Any CPU.ActiveCfg = Release|Any CPU
		{B19912A9-A832-4941-BA28-3DA26A810EAD}.Release|Any CPU.Build.0 = Release|Any CPU
		{3FDCE900-692A-41EF-A0E6-F223557A04AB}.Debug|Any CPU.ActiveCfg = Debug|Any CPU
		{3FDCE900-692A-41EF-A0E6-F223557A04AB}.Debug|Any CPU.Build.0 = Debug|Any CPU
		{3FDCE900-692A-41EF-A0E6-F223557A04AB}.Release|Any CPU.ActiveCfg = Release|Any CPU
		{3FDCE900-692A-41EF-A0E6-F223557A04AB}.Release|Any CPU.Build.0 = Release|Any CPU
	EndGlobalSection
	GlobalSection(SolutionProperties) = preSolution
		HideSolutionNode = FALSE
	EndGlobalSection
	GlobalSection(ExtensibilityGlobals) = postSolution
		SolutionGuid = {56EE7C7B-D477-4482-A80C-2F5823D9E99D}
	EndGlobalSection
EndGlobal
