
Microsoft Visual Studio Solution File, Format Version 12.00
# Visual Studio Version 16
VisualStudioVersion = 16.0.30717.126
MinimumVisualStudioVersion = 10.0.40219.1
Project("{9A19103F-16F7-4668-BE54-9A1E7A4F7556}") = "ExampleApp", "ExampleApp\ExampleApp.csproj", "{BA932742-5278-4468-B331-5B18C0115299}"
EndProject
Project("{9A19103F-16F7-4668-BE54-9A1E7A4F7556}") = "MinecraftConnection", "MinecraftConnection\MinecraftConnection.csproj", "{B19912A9-A832-4941-BA28-3DA26A810EAD}"
EndProject
Global
	GlobalSection(SolutionConfigurationPlatforms) = preSolution
		Debug|Any CPU = Debug|Any CPU
		Release|Any CPU = Release|Any CPU
	EndGlobalSection
	GlobalSection(ProjectConfigurationPlatforms) = postSolution
		{BA932742-5278-4468-B331-5B18C0115299}.Debug|Any CPU.ActiveCfg = Debug|Any CPU
		{BA932742-5278-4468-B331-5B18C0115299}.Debug|Any CPU.Build.0 = Debug|Any CPU
		{BA932742-5278-4468-B331-5B18C0115299}.Release|Any CPU.ActiveCfg = Release|Any CPU
		{BA932742-5278-4468-B331-5B18C0115299}.Release|Any CPU.Build.0 = Release|Any CPU
		{B19912A9-A832-4941-BA28-3DA26A810EAD}.Debug|Any CPU.ActiveCfg = Debug|Any CPU
		{B19912A9-A832-4941-BA28-3DA26A810EAD}.Debug|Any CPU.Build.0 = Debug|Any CPU
		{B19912A9-A832-4941-BA28-3DA26A810EAD}.Release|Any CPU.ActiveCfg = Release|Any CPU
		{B19912A9-A832-4941-BA28-3DA26A810EAD}.Release|Any CPU.Build.0 = Release|Any CPU
	EndGlobalSection
	GlobalSection(SolutionProperties) = preSolution
		HideSolutionNode = FALSE
	EndGlobalSection
	GlobalSection(ExtensibilityGlobals) = postSolution
		SolutionGuid = {56EE7C7B-D477-4482-A80C-2F5823D9E99D}
	EndGlobalSection
EndGlobal
